Microsoft Visual Studio Solution File, Format Version 12.00
# Visual Studio Version 18
VisualStudioVersion = 18.2.11430.68
MinimumVisualStudioVersion = 10.0.40219.1
Project("{2150E333-8FDC-42A3-9474-1A3956D46DE8}") = "tests", "tests", "{E94779F4-A208-4197-860F-75ADE2F807C8}"
EndProject
Project("{FAE04EC0-301F-11D3-BF4B-00C04F79EFBC}") = "DevTools.Tests", "tests\DevTools.Tests\DevTools.Tests.csproj", "{3DAA12D2-D92C-4C7B-84FE-947E81FDCFB0}"
EndProject
Project("{2150E333-8FDC-42A3-9474-1A3956D46DE8}") = "src", "src", "{95FF5E1C-9133-4D22-9B83-1DC4E8A4A263}"
EndProject
Project("{FAE04EC0-301F-11D3-BF4B-00C04F79EFBC}") = "DevTools", "src\DevTools\DevTools.csproj", "{C351EF48-1795-7478-123F-F7A10568B0A5}"
EndProject
Global
	GlobalSection(SolutionConfigurationPlatforms) = preSolution
		Debug|Any CPU = Debug|Any CPU
		Release|Any CPU = Release|Any CPU
	EndGlobalSection
	GlobalSection(ProjectConfigurationPlatforms) = postSolution
		{3DAA12D2-D92C-4C7B-84FE-947E81FDCFB0}.Debug|Any CPU.ActiveCfg = Debug|Any CPU
		{3DAA12D2-D92C-4C7B-84FE-947E81FDCFB0}.Debug|Any CPU.Build.0 = Debug|Any CPU
		{3DAA12D2-D92C-4C7B-84FE-947E81FDCFB0}.Release|Any CPU.ActiveCfg = Release|Any CPU
		{3DAA12D2-D92C-4C7B-84FE-947E81FDCFB0}.Release|Any CPU.Build.0 = Release|Any CPU
		{C351EF48-1795-7478-123F-F7A10568B0A5}.Debug|Any CPU.ActiveCfg = Debug|Any CPU
		{C351EF48-1795-7478-123F-F7A10568B0A5}.Debug|Any CPU.Build.0 = Debug|Any CPU
		{C351EF48-1795-7478-123F-F7A10568B0A5}.Release|Any CPU.ActiveCfg = Release|Any CPU
		{C351EF48-1795-7478-123F-F7A10568B0A5}.Release|Any CPU.Build.0 = Release|Any CPU
	EndGlobalSection
	GlobalSection(SolutionProperties) = preSolution
		HideSolutionNode = FALSE
	EndGlobalSection
	GlobalSection(NestedProjects) = preSolution
		{3DAA12D2-D92C-4C7B-84FE-947E81FDCFB0} = {E94779F4-A208-4197-860F-75ADE2F807C8}
		{C351EF48-1795-7478-123F-F7A10568B0A5} = {95FF5E1C-9133-4D22-9B83-1DC4E8A4A263}
	EndGlobalSection
	GlobalSection(ExtensibilityGlobals) = postSolution
		SolutionGuid = {28980F5A-0C5E-4F59-A251-4F4C766D027A}
	EndGlobalSection
EndGlobal
